
Microsoft Visual Studio Solution File, Format Version 12.00
# Visual Studio 14
VisualStudioVersion = 14.0.25420.1
MinimumVisualStudioVersion = 10.0.40219.1
Project("{FAE04EC0-301F-11D3-BF4B-00C04F79EFBC}") = "CursoASPNETMVC", "CursoASPNETMVC\CursoASPNETMVC.csproj", "{78EEFADC-3174-46E4-BCCF-8B82152187DF}"
EndProject
Project("{FAE04EC0-301F-11D3-BF4B-00C04F79EFBC}") = "CursoASPNETMVC3", "CursoASPNETMVC3\CursoASPNETMVC3.csproj", "{7C95EFFA-746B-4B03-9747-B4C2B5449516}"
EndProject
Project("{FAE04EC0-301F-11D3-BF4B-00C04F79EFBC}") = "CursoASPNETMVC2", "CursoASPNETMVC2\CursoASPNETMVC2.csproj", "{1E135BBF-5CE4-44E5-92B3-60E1840AFF69}"
EndProject
Project("{FAE04EC0-301F-11D3-BF4B-00C04F79EFBC}") = "CursoASPNETMVC4", "CursoASPNETMVC4\CursoASPNETMVC4.csproj", "{5040BD6A-06C0-4DD0-A7C4-12CE0352E965}"
EndProject
Global
	GlobalSection(SolutionConfigurationPlatforms) = preSolution
		Debug|Any CPU = Debug|Any CPU
		Release|Any CPU = Release|Any CPU
	EndGlobalSection
	GlobalSection(ProjectConfigurationPlatforms) = postSolution
		{78EEFADC-3174-46E4-BCCF-8B82152187DF}.Debug|Any CPU.ActiveCfg = Debug|Any CPU
		{78EEFADC-3174-46E4-BCCF-8B82152187DF}.Debug|Any CPU.Build.0 = Debug|Any CPU
		{78EEFADC-3174-46E4-BCCF-8B82152187DF}.Release|Any CPU.ActiveCfg = Release|Any CPU
		{78EEFADC-3174-46E4-BCCF-8B82152187DF}.Release|Any CPU.Build.0 = Release|Any CPU
		{7C95EFFA-746B-4B03-9747-B4C2B5449516}.Debug|Any CPU.ActiveCfg = Debug|Any CPU
		{7C95EFFA-746B-4B03-9747-B4C2B5449516}.Debug|Any CPU.Build.0 = Debug|Any CPU
		{7C95EFFA-746B-4B03-9747-B4C2B5449516}.Release|Any CPU.ActiveCfg = Release|Any CPU
		{7C95EFFA-746B-4B03-9747-B4C2B5449516}.Release|Any CPU.Build.0 = Release|Any CPU
		{1E135BBF-5CE4-44E5-92B3-60E1840AFF69}.Debug|Any CPU.ActiveCfg = Debug|Any CPU
		{1E135BBF-5CE4-44E5-92B3-60E1840AFF69}.Debug|Any CPU.Build.0 = Debug|Any CPU
		{1E135BBF-5CE4-44E5-92B3-60E1840AFF69}.Release|Any CPU.ActiveCfg = Release|Any CPU
		{1E135BBF-5CE4-44E5-92B3-60E1840AFF69}.Release|Any CPU.Build.0 = Release|Any CPU
		{5040BD6A-06C0-4DD0-A7C4-12CE0352E965}.Debug|Any CPU.ActiveCfg = Debug|Any CPU
		{5040BD6A-06C0-4DD0-A7C4-12CE0352E965}.Debug|Any CPU.Build.0 = Debug|Any CPU
		{5040BD6A-06C0-4DD0-A7C4-12CE0352E965}.Release|Any CPU.ActiveCfg = Release|Any CPU
		{5040BD6A-06C0-4DD0-A7C4-12CE0352E965}.Release|Any CPU.Build.0 = Release|Any CPU
	EndGlobalSection
	GlobalSection(SolutionProperties) = preSolution
		HideSolutionNode = FALSE
	EndGlobalSection
EndGlobal
